
Microsoft Visual Studio Solution File, Format Version 12.00
# Visual Studio Version 16
VisualStudioVersion = 16.0.31702.278
MinimumVisualStudioVersion = 10.0.40219.1
Project("{FAE04EC0-301F-11D3-BF4B-00C04F79EFBC}") = "Repository.Tests", "Repository.Tests\Repository.Tests.csproj", "{E20E7AAF-0C4B-4F83-9DFD-72F695656006}"
EndProject
Project("{FAE04EC0-301F-11D3-BF4B-00C04F79EFBC}") = "Repository", "Repository\Repository.csproj", "{0FBF134E-44B2-429E-B426-A125E0379BC9}"
EndProject
Global
	GlobalSection(SolutionConfigurationPlatforms) = preSolution
		Debug|Any CPU = Debug|Any CPU
		Release|Any CPU = Release|Any CPU
	EndGlobalSection
	GlobalSection(ProjectConfigurationPlatforms) = postSolution
		{E20E7AAF-0C4B-4F83-9DFD-72F695656006}.Debug|Any CPU.ActiveCfg = Debug|Any CPU
		{E20E7AAF-0C4B-4F83-9DFD-72F695656006}.Debug|Any CPU.Build.0 = Debug|Any CPU
		{E20E7AAF-0C4B-4F83-9DFD-72F695656006}.Release|Any CPU.ActiveCfg = Release|Any CPU
		{E20E7AAF-0C4B-4F83-9DFD-72F695656006}.Release|Any CPU.Build.0 = Release|Any CPU
		{0FBF134E-44B2-429E-B426-A125E0379BC9}.Debug|Any CPU.ActiveCfg = Debug|Any CPU
		{0FBF134E-44B2-429E-B426-A125E0379BC9}.Debug|Any CPU.Build.0 = Debug|Any CPU
		{0FBF134E-44B2-429E-B426-A125E0379BC9}.Release|Any CPU.ActiveCfg = Release|Any CPU
		{0FBF134E-44B2-429E-B426-A125E0379BC9}.Release|Any CPU.Build.0 = Release|Any CPU
	EndGlobalSection
	GlobalSection(SolutionProperties) = preSolution
		HideSolutionNode = FALSE
	EndGlobalSection
	GlobalSection(ExtensibilityGlobals) = postSolution
		SolutionGuid = {A477BFF2-41D1-4D14-B68C-2C3CE88B2827}
	EndGlobalSection
EndGlobal
